<?xml version="1.0" encoding="utf-8"?>
<Project ToolsVersion="4.0" xmlns="http://schemas.microsoft.com/developer/msbuild/2003">
  <ItemGroup>
    <Filter Include="Source Files">
      <UniqueIdentifier>{4FC737F1-C7A5-4376-A066-2A32D752A2FF}</UniqueIdentifier>
      <Extensions>cpp;c;cc;cxx;c++;cppm;ixx;def;odl;idl;hpj;bat;asm;asmx</Extensions>
    </Filter>
    <Filter Include="Header Files">
      <UniqueIdentifier>{93995380-89BD-4b04-88EB-625FBE52EBFB}</UniqueIdentifier>
      <Extensions>h;hh;hpp;hxx;h++;hm;inl;inc;ipp;xsd</Extensions>
    </Filter>
    <Filter Include="Resource Files">
      <UniqueIdentifier>{67DA6AB6-F800-4c08-8B7A-83BB121AAD01}</UniqueIdentifier>
      <Extensions>rc;ico;cur;bmp;dlg;rc2;rct;bin;rgs;gif;jpg;jpeg;jpe;resx;tiff;tif;png;wav;mfcribbon-ms</Extensions>
    </Filter>
    <Filter Include="Source Files\algorithms">
      <UniqueIdentifier>{8d67c03b-364c-4cfb-8800-a4d1c736bb53}</UniqueIdentifier>
    </Filter>
    <Filter Include="Header Files\algorithms">
      <UniqueIdentifier>{69b6ff93-8dda-4019-912d-480c4038bdb4}</UniqueIdentifier>
    </Filter>
    <Filter Include="Header Files\graphics">
      <UniqueIdentifier>{346084a9-2dc5-49cc-a26b-3f13f375a4b1}</UniqueIdentifier>
    </Filter>
    <Filter Include="Source Files\graphics">
      <UniqueIdentifier>{66b3bc23-82e7-4b37-b730-0571cd4cb2d2}</UniqueIdentifier>
    </Filter>
    <Filter Include="Header Files\graphics\resources">
      <UniqueIdentifier>{0ef156d4-ecfd-4e2c-856b-4567b5fbee1c}</UniqueIdentifier>
    </Filter>
    <Filter Include="Resource Files\graphics">
      <UniqueIdentifier>{ebd27bec-8f9f-4c0f-8d6c-8a277be93178}</UniqueIdentifier>
    </Filter>
  </ItemGroup>
  <ItemGroup>
    <ClCompile Include="src\algorithms\Club.cpp">
      <Filter>Source Files\algorithms</Filter>
    </ClCompile>
    <ClCompile Include="src\algorithms\Coach.cpp">
      <Filter>Source Files\algorithms</Filter>
    </ClCompile>
    <ClCompile Include="src\algorithms\Field.cpp">
      <Filter>Source Files\algorithms</Filter>
    </ClCompile>
    <ClCompile Include="src\algorithms\Footballer.cpp">
      <Filter>Source Files\algorithms</Filter>
    </ClCompile>
    <ClCompile Include="src\algorithms\Manager.cpp">
      <Filter>Source Files\algorithms</Filter>
    </ClCompile>
    <ClCompile Include="src\algorithms\Player.cpp">
      <Filter>Source Files\algorithms</Filter>
    </ClCompile>
    <ClCompile Include="src\algorithms\TV.cpp">
      <Filter>Source Files\algorithms</Filter>
    </ClCompile>
    <ClCompile Include="src\Globals.cpp">
      <Filter>Source Files</Filter>
    </ClCompile>
    <ClCompile Include="src\main.cpp">
      <Filter>Source Files</Filter>
    </ClCompile>
    <ClCompile Include="src\graphics\Graphics.cpp">
      <Filter>Source Files\graphics</Filter>
    </ClCompile>
  </ItemGroup>
  <ItemGroup>
    <ClInclude Include="include\algorithms\Club.h">
      <Filter>Header Files\algorithms</Filter>
    </ClInclude>
    <ClInclude Include="include\algorithms\Coach.h">
      <Filter>Header Files\algorithms</Filter>
    </ClInclude>
    <ClInclude Include="include\algorithms\Field.h">
      <Filter>Header Files\algorithms</Filter>
    </ClInclude>
    <ClInclude Include="include\algorithms\Footballer.h">
      <Filter>Header Files\algorithms</Filter>
    </ClInclude>
    <ClInclude Include="include\algorithms\Manager.h">
      <Filter>Header Files\algorithms</Filter>
    </ClInclude>
    <ClInclude Include="include\algorithms\Player.h">
      <Filter>Header Files\algorithms</Filter>
    </ClInclude>
    <ClInclude Include="include\algorithms\TV.h">
      <Filter>Header Files\algorithms</Filter>
    </ClInclude>
    <ClInclude Include="include\graphics\Graphics.h">
      <Filter>Header Files\graphics</Filter>
    </ClInclude>
    <ClInclude Include="include\Globals.h">
      <Filter>Header Files</Filter>
    </ClInclude>
    <ClInclude Include="include\graphics\resources\background.h">
      <Filter>Header Files\graphics\resources</Filter>
    </ClInclude>
    <ClInclude Include="include\graphics\resources\background_blurred.h">
      <Filter>Header Files\graphics\resources</Filter>
    </ClInclude>
    <ClInclude Include="include\graphics\resources\table.h">
      <Filter>Header Files\graphics\resources</Filter>
    </ClInclude>
    <ClInclude Include="include\graphics\resources\MiSans.h">
      <Filter>Header Files\graphics\resources</Filter>
    </ClInclude>
  </ItemGroup>
  <ItemGroup>
    <Image Include="src\graphics\resources\background.jpg">
      <Filter>Resource Files\graphics</Filter>
    </Image>
    <Image Include="src\graphics\resources\background_blurred.jpg">
      <Filter>Resource Files\graphics</Filter>
    </Image>
    <Image Include="src\graphics\resources\table.png">
      <Filter>Resource Files\graphics</Filter>
    </Image>
  </ItemGroup>
  <ItemGroup>
    <Font Include="src\graphics\resources\MiSans.ttf">
      <Filter>Resource Files\graphics</Filter>
    </Font>
  </ItemGroup>
</Project>